// !$*UTF8*$!
{
	archiveVersion = 1;
	classes = {
	};
	objectVersion = 46;
	objects = {

/* Begin PBXBuildFile section */
		2049AAD11DC7902E00B2713A /* StoryboardConstants.swift in Sources */ = {isa = PBXBuildFile; fileRef = 2049AAD01DC7902E00B2713A /* StoryboardConstants.swift */; };
		2049AAD81DC79A3400B2713A /* Rider+CoreDataClass.swift in Sources */ = {isa = PBXBuildFile; fileRef = 2049AAD61DC79A3400B2713A /* Rider+CoreDataClass.swift */; };
		2049AADD1DC79A8300B2713A /* Rider+CoreDataProperties.swift in Sources */ = {isa = PBXBuildFile; fileRef = 2049AADC1DC79A8300B2713A /* Rider+CoreDataProperties.swift */; };
		2049AADF1DC79C4B00B2713A /* Debug.swift in Sources */ = {isa = PBXBuildFile; fileRef = 2049AADE1DC79C4B00B2713A /* Debug.swift */; };
		2049AAE61DC7B69300B2713A /* Ride+CoreDataClass.swift in Sources */ = {isa = PBXBuildFile; fileRef = 2049AAE31DC7B69300B2713A /* Ride+CoreDataClass.swift */; };
		2049AAE71DC7B69300B2713A /* Ride+CoreDataProperties.swift in Sources */ = {isa = PBXBuildFile; fileRef = 2049AAE41DC7B69300B2713A /* Ride+CoreDataProperties.swift */; };
		2049AAEA1DC7B76500B2713A /* Rider+riderInDatabase.swift in Sources */ = {isa = PBXBuildFile; fileRef = 2049AAE91DC7B76500B2713A /* Rider+riderInDatabase.swift */; };
		2049AAF11DC7CF3B00B2713A /* NewScheduledRideTableViewController.swift in Sources */ = {isa = PBXBuildFile; fileRef = 2049AAF01DC7CF3B00B2713A /* NewScheduledRideTableViewController.swift */; };
		2049AAF31DC7CF8800B2713A /* NewScheduledRideRootViewController.swift in Sources */ = {isa = PBXBuildFile; fileRef = 2049AAF21DC7CF8800B2713A /* NewScheduledRideRootViewController.swift */; };
		20A763941DC69777000A776E /* AppDelegate.swift in Sources */ = {isa = PBXBuildFile; fileRef = 20A763931DC69777000A776E /* AppDelegate.swift */; };
		20A763991DC69777000A776E /* Main.storyboard in Resources */ = {isa = PBXBuildFile; fileRef = 20A763971DC69777000A776E /* Main.storyboard */; };
		20A7639C1DC69777000A776E /* Wheels.xcdatamodeld in Sources */ = {isa = PBXBuildFile; fileRef = 20A7639A1DC69777000A776E /* Wheels.xcdatamodeld */; };
		20A7639E1DC69777000A776E /* Assets.xcassets in Resources */ = {isa = PBXBuildFile; fileRef = 20A7639D1DC69777000A776E /* Assets.xcassets */; };
		20A763A11DC69777000A776E /* LaunchScreen.storyboard in Resources */ = {isa = PBXBuildFile; fileRef = 20A7639F1DC69777000A776E /* LaunchScreen.storyboard */; };
		20A763A91DC6C917000A776E /* LoginViewController.swift in Sources */ = {isa = PBXBuildFile; fileRef = 20A763A81DC6C917000A776E /* LoginViewController.swift */; };
		20A763B01DC6D018000A776E /* MainPageViewController.swift in Sources */ = {isa = PBXBuildFile; fileRef = 20A763AF1DC6D018000A776E /* MainPageViewController.swift */; };
		20A763B21DC6DFDB000A776E /* QueueViewController.swift in Sources */ = {isa = PBXBuildFile; fileRef = 20A763B11DC6DFDB000A776E /* QueueViewController.swift */; };
		20A763B41DC6DFF0000A776E /* OnDemandViewController.swift in Sources */ = {isa = PBXBuildFile; fileRef = 20A763B31DC6DFF0000A776E /* OnDemandViewController.swift */; };
		20A763B61DC6E015000A776E /* PlanAheadViewController.swift in Sources */ = {isa = PBXBuildFile; fileRef = 20A763B51DC6E015000A776E /* PlanAheadViewController.swift */; };
/* End PBXBuildFile section */

/* Begin PBXFileReference section */
		2049AAD01DC7902E00B2713A /* StoryboardConstants.swift */ = {isa = PBXFileReference; fileEncoding = 4; lastKnownFileType = sourcecode.swift; path = StoryboardConstants.swift; sourceTree = "<group>"; };
		2049AAD61DC79A3400B2713A /* Rider+CoreDataClass.swift */ = {isa = PBXFileReference; fileEncoding = 4; lastKnownFileType = sourcecode.swift; path = "Rider+CoreDataClass.swift"; sourceTree = "<group>"; };
		2049AADC1DC79A8300B2713A /* Rider+CoreDataProperties.swift */ = {isa = PBXFileReference; fileEncoding = 4; lastKnownFileType = sourcecode.swift; path = "Rider+CoreDataProperties.swift"; sourceTree = "<group>"; };
		2049AADE1DC79C4B00B2713A /* Debug.swift */ = {isa = PBXFileReference; fileEncoding = 4; lastKnownFileType = sourcecode.swift; path = Debug.swift; sourceTree = "<group>"; };
		2049AAE31DC7B69300B2713A /* Ride+CoreDataClass.swift */ = {isa = PBXFileReference; fileEncoding = 4; lastKnownFileType = sourcecode.swift; path = "Ride+CoreDataClass.swift"; sourceTree = "<group>"; };
		2049AAE41DC7B69300B2713A /* Ride+CoreDataProperties.swift */ = {isa = PBXFileReference; fileEncoding = 4; lastKnownFileType = sourcecode.swift; path = "Ride+CoreDataProperties.swift"; sourceTree = "<group>"; };
		2049AAE91DC7B76500B2713A /* Rider+riderInDatabase.swift */ = {isa = PBXFileReference; fileEncoding = 4; lastKnownFileType = sourcecode.swift; path = "Rider+riderInDatabase.swift"; sourceTree = "<group>"; };
		2049AAF01DC7CF3B00B2713A /* NewScheduledRideTableViewController.swift */ = {isa = PBXFileReference; fileEncoding = 4; lastKnownFileType = sourcecode.swift; name = NewScheduledRideTableViewController.swift; path = Wheels/NewScheduledRideTableViewController.swift; sourceTree = "<group>"; };
		2049AAF21DC7CF8800B2713A /* NewScheduledRideRootViewController.swift */ = {isa = PBXFileReference; fileEncoding = 4; lastKnownFileType = sourcecode.swift; name = NewScheduledRideRootViewController.swift; path = Wheels/NewScheduledRideRootViewController.swift; sourceTree = "<group>"; };
		20A763901DC69777000A776E /* Wheels.app */ = {isa = PBXFileReference; explicitFileType = wrapper.application; includeInIndex = 0; path = Wheels.app; sourceTree = BUILT_PRODUCTS_DIR; };
		20A763931DC69777000A776E /* AppDelegate.swift */ = {isa = PBXFileReference; lastKnownFileType = sourcecode.swift; path = AppDelegate.swift; sourceTree = "<group>"; };
		20A763981DC69777000A776E /* Base */ = {isa = PBXFileReference; lastKnownFileType = file.storyboard; name = Base; path = Base.lproj/Main.storyboard; sourceTree = "<group>"; };
		20A7639B1DC69777000A776E /* Wheels.xcdatamodel */ = {isa = PBXFileReference; lastKnownFileType = wrapper.xcdatamodel; path = Wheels.xcdatamodel; sourceTree = "<group>"; };
		20A7639D1DC69777000A776E /* Assets.xcassets */ = {isa = PBXFileReference; lastKnownFileType = folder.assetcatalog; path = Assets.xcassets; sourceTree = "<group>"; };
		20A763A01DC69777000A776E /* Base */ = {isa = PBXFileReference; lastKnownFileType = file.storyboard; name = Base; path = Base.lproj/LaunchScreen.storyboard; sourceTree = "<group>"; };
		20A763A21DC69777000A776E /* Info.plist */ = {isa = PBXFileReference; lastKnownFileType = text.plist.xml; path = Info.plist; sourceTree = "<group>"; };
		20A763A81DC6C917000A776E /* LoginViewController.swift */ = {isa = PBXFileReference; fileEncoding = 4; lastKnownFileType = sourcecode.swift; name = LoginViewController.swift; path = Login/LoginViewController.swift; sourceTree = "<group>"; };
		20A763AF1DC6D018000A776E /* MainPageViewController.swift */ = {isa = PBXFileReference; fileEncoding = 4; lastKnownFileType = sourcecode.swift; path = MainPageViewController.swift; sourceTree = "<group>"; };
		20A763B11DC6DFDB000A776E /* QueueViewController.swift */ = {isa = PBXFileReference; fileEncoding = 4; lastKnownFileType = sourcecode.swift; name = QueueViewController.swift; path = Wheels/QueueViewController.swift; sourceTree = "<group>"; };
		20A763B31DC6DFF0000A776E /* OnDemandViewController.swift */ = {isa = PBXFileReference; fileEncoding = 4; lastKnownFileType = sourcecode.swift; name = OnDemandViewController.swift; path = Wheels/OnDemandViewController.swift; sourceTree = "<group>"; };
		20A763B51DC6E015000A776E /* PlanAheadViewController.swift */ = {isa = PBXFileReference; fileEncoding = 4; lastKnownFileType = sourcecode.swift; name = PlanAheadViewController.swift; path = Wheels/PlanAheadViewController.swift; sourceTree = "<group>"; };
/* End PBXFileReference section */

/* Begin PBXFrameworksBuildPhase section */
		20A7638D1DC69777000A776E /* Frameworks */ = {
			isa = PBXFrameworksBuildPhase;
			buildActionMask = 2147483647;
			files = (
			);
			runOnlyForDeploymentPostprocessing = 0;
		};
/* End PBXFrameworksBuildPhase section */

/* Begin PBXGroup section */
		2049AACF1DC78CD700B2713A /* Core Data */ = {
			isa = PBXGroup;
			children = (
				2049AAE31DC7B69300B2713A /* Ride+CoreDataClass.swift */,
				2049AAE41DC7B69300B2713A /* Ride+CoreDataProperties.swift */,
				2049AAD61DC79A3400B2713A /* Rider+CoreDataClass.swift */,
				2049AADC1DC79A8300B2713A /* Rider+CoreDataProperties.swift */,
				2049AAE91DC7B76500B2713A /* Rider+riderInDatabase.swift */,
				20A7639A1DC69777000A776E /* Wheels.xcdatamodeld */,
			);
			name = "Core Data";
			sourceTree = "<group>";
		};
		2049AAE01DC79C5500B2713A /* Debug */ = {
			isa = PBXGroup;
			children = (
				2049AADE1DC79C4B00B2713A /* Debug.swift */,
			);
			name = Debug;
			sourceTree = "<group>";
		};
		2049AAEB1DC7B80000B2713A /* Storyboard */ = {
			isa = PBXGroup;
			children = (
				20A763971DC69777000A776E /* Main.storyboard */,
				2049AAD01DC7902E00B2713A /* StoryboardConstants.swift */,
			);
			name = Storyboard;
			sourceTree = "<group>";
		};
		20A763871DC69777000A776E = {
			isa = PBXGroup;
			children = (
				20A763921DC69777000A776E /* Wheels */,
				20A763911DC69777000A776E /* Products */,
			);
			sourceTree = "<group>";
		};
		20A763911DC69777000A776E /* Products */ = {
			isa = PBXGroup;
			children = (
				20A763901DC69777000A776E /* Wheels.app */,
			);
			name = Products;
			sourceTree = "<group>";
		};
		20A763921DC69777000A776E /* Wheels */ = {
			isa = PBXGroup;
			children = (
				2049AACF1DC78CD700B2713A /* Core Data */,
				20A763AA1DC6C924000A776E /* Login */,
				20A763AE1DC6CE50000A776E /* Main Page */,
				2049AAEB1DC7B80000B2713A /* Storyboard */,
				20A763AB1DC6C92E000A776E /* Supporting */,
				2049AAE01DC79C5500B2713A /* Debug */,
			);
			path = Wheels;
			sourceTree = "<group>";
		};
		20A763AA1DC6C924000A776E /* Login */ = {
			isa = PBXGroup;
			children = (
				20A763A81DC6C917000A776E /* LoginViewController.swift */,
			);
			name = Login;
			sourceTree = "<group>";
		};
		20A763AB1DC6C92E000A776E /* Supporting */ = {
			isa = PBXGroup;
			children = (
				20A763931DC69777000A776E /* AppDelegate.swift */,
				20A7639D1DC69777000A776E /* Assets.xcassets */,
				20A7639F1DC69777000A776E /* LaunchScreen.storyboard */,
				20A763A21DC69777000A776E /* Info.plist */,
			);
			name = Supporting;
			sourceTree = "<group>";
		};
		20A763AE1DC6CE50000A776E /* Main Page */ = {
			isa = PBXGroup;
			children = (
				20A763AF1DC6D018000A776E /* MainPageViewController.swift */,
				20A763B11DC6DFDB000A776E /* QueueViewController.swift */,
				20A763B31DC6DFF0000A776E /* OnDemandViewController.swift */,
				20A763B51DC6E015000A776E /* PlanAheadViewController.swift */,
				2049AAF01DC7CF3B00B2713A /* NewScheduledRideTableViewController.swift */,
				2049AAF21DC7CF8800B2713A /* NewScheduledRideRootViewController.swift */,
			);
			name = "Main Page";
			path = ..;
			sourceTree = "<group>";
		};
/* End PBXGroup section */

/* Begin PBXNativeTarget section */
		20A7638F1DC69777000A776E /* Wheels */ = {
			isa = PBXNativeTarget;
			buildConfigurationList = 20A763A51DC69777000A776E /* Build configuration list for PBXNativeTarget "Wheels" */;
			buildPhases = (
				20A7638C1DC69777000A776E /* Sources */,
				20A7638D1DC69777000A776E /* Frameworks */,
				20A7638E1DC69777000A776E /* Resources */,
			);
			buildRules = (
			);
			dependencies = (
			);
			name = Wheels;
			productName = Wheels;
			productReference = 20A763901DC69777000A776E /* Wheels.app */;
			productType = "com.apple.product-type.application";
		};
/* End PBXNativeTarget section */

/* Begin PBXProject section */
		20A763881DC69777000A776E /* Project object */ = {
			isa = PBXProject;
			attributes = {
				LastSwiftUpdateCheck = 0810;
				LastUpgradeCheck = 0810;
				ORGANIZATIONNAME = "Christopher Chute";
				TargetAttributes = {
					20A7638F1DC69777000A776E = {
						CreatedOnToolsVersion = 8.1;
						DevelopmentTeam = LFVYJRDCNE;
						ProvisioningStyle = Automatic;
					};
				};
			};
			buildConfigurationList = 20A7638B1DC69777000A776E /* Build configuration list for PBXProject "Wheels" */;
			compatibilityVersion = "Xcode 3.2";
			developmentRegion = English;
			hasScannedForEncodings = 0;
			knownRegions = (
				en,
				Base,
			);
			mainGroup = 20A763871DC69777000A776E;
			productRefGroup = 20A763911DC69777000A776E /* Products */;
			projectDirPath = "";
			projectRoot = "";
			targets = (
				20A7638F1DC69777000A776E /* Wheels */,
			);
		};
/* End PBXProject section */

/* Begin PBXResourcesBuildPhase section */
		20A7638E1DC69777000A776E /* Resources */ = {
			isa = PBXResourcesBuildPhase;
			buildActionMask = 2147483647;
			files = (
				20A763A11DC69777000A776E /* LaunchScreen.storyboard in Resources */,
				20A7639E1DC69777000A776E /* Assets.xcassets in Resources */,
				20A763991DC69777000A776E /* Main.storyboard in Resources */,
			);
			runOnlyForDeploymentPostprocessing = 0;
		};
/* End PBXResourcesBuildPhase section */

/* Begin PBXSourcesBuildPhase section */
		20A7638C1DC69777000A776E /* Sources */ = {
			isa = PBXSourcesBuildPhase;
			buildActionMask = 2147483647;
			files = (
				20A763B41DC6DFF0000A776E /* OnDemandViewController.swift in Sources */,
				20A763B21DC6DFDB000A776E /* QueueViewController.swift in Sources */,
				2049AADF1DC79C4B00B2713A /* Debug.swift in Sources */,
				2049AAE61DC7B69300B2713A /* Ride+CoreDataClass.swift in Sources */,
				2049AAF11DC7CF3B00B2713A /* NewScheduledRideTableViewController.swift in Sources */,
				2049AAF31DC7CF8800B2713A /* NewScheduledRideRootViewController.swift in Sources */,
				2049AAD11DC7902E00B2713A /* StoryboardConstants.swift in Sources */,
				20A763B01DC6D018000A776E /* MainPageViewController.swift in Sources */,
				20A763A91DC6C917000A776E /* LoginViewController.swift in Sources */,
				2049AAD81DC79A3400B2713A /* Rider+CoreDataClass.swift in Sources */,
				2049AAE71DC7B69300B2713A /* Ride+CoreDataProperties.swift in Sources */,
				2049AAEA1DC7B76500B2713A /* Rider+riderInDatabase.swift in Sources */,
				20A763941DC69777000A776E /* AppDelegate.swift in Sources */,
				20A7639C1DC69777000A776E /* Wheels.xcdatamodeld in Sources */,
				2049AADD1DC79A8300B2713A /* Rider+CoreDataProperties.swift in Sources */,
				20A763B61DC6E015000A776E /* PlanAheadViewController.swift in Sources */,
			);
			runOnlyForDeploymentPostprocessing = 0;
		};
/* End PBXSourcesBuildPhase section */

/* Begin PBXVariantGroup section */
		20A763971DC69777000A776E /* Main.storyboard */ = {
			isa = PBXVariantGroup;
			children = (
				20A763981DC69777000A776E /* Base */,
			);
			name = Main.storyboard;
			sourceTree = "<group>";
		};
		20A7639F1DC69777000A776E /* LaunchScreen.storyboard */ = {
			isa = PBXVariantGroup;
			children = (
				20A763A01DC69777000A776E /* Base */,
			);
			name = LaunchScreen.storyboard;
			sourceTree = "<group>";
		};
/* End PBXVariantGroup section */

/* Begin XCBuildConfiguration section */
		20A763A31DC69777000A776E /* Debug */ = {
			isa = XCBuildConfiguration;
			buildSettings = {
				ALWAYS_SEARCH_USER_PATHS = NO;
				CLANG_ANALYZER_NONNULL = YES;
				CLANG_CXX_LANGUAGE_STANDARD = "gnu++0x";
				CLANG_CXX_LIBRARY = "libc++";
				CLANG_ENABLE_MODULES = YES;
				CLANG_ENABLE_OBJC_ARC = YES;
				CLANG_WARN_BOOL_CONVERSION = YES;
				CLANG_WARN_CONSTANT_CONVERSION = YES;
				CLANG_WARN_DIRECT_OBJC_ISA_USAGE = YES_ERROR;
				CLANG_WARN_DOCUMENTATION_COMMENTS = YES;
				CLANG_WARN_EMPTY_BODY = YES;
				CLANG_WARN_ENUM_CONVERSION = YES;
				CLANG_WARN_INFINITE_RECURSION = YES;
				CLANG_WARN_INT_CONVERSION = YES;
				CLANG_WARN_OBJC_ROOT_CLASS = YES_ERROR;
				CLANG_WARN_SUSPICIOUS_MOVES = YES;
				CLANG_WARN_UNREACHABLE_CODE = YES;
				CLANG_WARN__DUPLICATE_METHOD_MATCH = YES;
				"CODE_SIGN_IDENTITY[sdk=iphoneos*]" = "iPhone Developer";
				COPY_PHASE_STRIP = NO;
				DEBUG_INFORMATION_FORMAT = dwarf;
				ENABLE_STRICT_OBJC_MSGSEND = YES;
				ENABLE_TESTABILITY = YES;
				GCC_C_LANGUAGE_STANDARD = gnu99;
				GCC_DYNAMIC_NO_PIC = NO;
				GCC_NO_COMMON_BLOCKS = YES;
				GCC_OPTIMIZATION_LEVEL = 0;
				GCC_PREPROCESSOR_DEFINITIONS = (
					"DEBUG=1",
					"$(inherited)",
				);
				GCC_WARN_64_TO_32_BIT_CONVERSION = YES;
				GCC_WARN_ABOUT_RETURN_TYPE = YES_ERROR;
				GCC_WARN_UNDECLARED_SELECTOR = YES;
				GCC_WARN_UNINITIALIZED_AUTOS = YES_AGGRESSIVE;
				GCC_WARN_UNUSED_FUNCTION = YES;
				GCC_WARN_UNUSED_VARIABLE = YES;
				IPHONEOS_DEPLOYMENT_TARGET = 10.1;
				MTL_ENABLE_DEBUG_INFO = YES;
				ONLY_ACTIVE_ARCH = YES;
				SDKROOT = iphoneos;
				SWIFT_ACTIVE_COMPILATION_CONDITIONS = DEBUG;
				SWIFT_OPTIMIZATION_LEVEL = "-Onone";
			};
			name = Debug;
		};
		20A763A41DC69777000A776E /* Release */ = {
			isa = XCBuildConfiguration;
			buildSettings = {
				ALWAYS_SEARCH_USER_PATHS = NO;
				CLANG_ANALYZER_NONNULL = YES;
				CLANG_CXX_LANGUAGE_STANDARD = "gnu++0x";
				CLANG_CXX_LIBRARY = "libc++";
				CLANG_ENABLE_MODULES = YES;
				CLANG_ENABLE_OBJC_ARC = YES;
				CLANG_WARN_BOOL_CONVERSION = YES;
				CLANG_WARN_CONSTANT_CONVERSION = YES;
				CLANG_WARN_DIRECT_OBJC_ISA_USAGE = YES_ERROR;
				CLANG_WARN_DOCUMENTATION_COMMENTS = YES;
				CLANG_WARN_EMPTY_BODY = YES;
				CLANG_WARN_ENUM_CONVERSION = YES;
				CLANG_WARN_INFINITE_RECURSION = YES;
				CLANG_WARN_INT_CONVERSION = YES;
				CLANG_WARN_OBJC_ROOT_CLASS = YES_ERROR;
				CLANG_WARN_SUSPICIOUS_MOVES = YES;
				CLANG_WARN_UNREACHABLE_CODE = YES;
				CLANG_WARN__DUPLICATE_METHOD_MATCH = YES;
				"CODE_SIGN_IDENTITY[sdk=iphoneos*]" = "iPhone Developer";
				COPY_PHASE_STRIP = NO;
				DEBUG_INFORMATION_FORMAT = "dwarf-with-dsym";
				ENABLE_NS_ASSERTIONS = NO;
				ENABLE_STRICT_OBJC_MSGSEND = YES;
				GCC_C_LANGUAGE_STANDARD = gnu99;
				GCC_NO_COMMON_BLOCKS = YES;
				GCC_WARN_64_TO_32_BIT_CONVERSION = YES;
				GCC_WARN_ABOUT_RETURN_TYPE = YES_ERROR;
				GCC_WARN_UNDECLARED_SELECTOR = YES;
				GCC_WARN_UNINITIALIZED_AUTOS = YES_AGGRESSIVE;
				GCC_WARN_UNUSED_FUNCTION = YES;
				GCC_WARN_UNUSED_VARIABLE = YES;
				IPHONEOS_DEPLOYMENT_TARGET = 10.1;
				MTL_ENABLE_DEBUG_INFO = NO;
				SDKROOT = iphoneos;
				SWIFT_OPTIMIZATION_LEVEL = "-Owholemodule";
				VALIDATE_PRODUCT = YES;
			};
			name = Release;
		};
		20A763A61DC69777000A776E /* Debug */ = {
			isa = XCBuildConfiguration;
			buildSettings = {
				ASSETCATALOG_COMPILER_APPICON_NAME = AppIcon;
				DEVELOPMENT_TEAM = LFVYJRDCNE;
				INFOPLIST_FILE = Wheels/Info.plist;
				LD_RUNPATH_SEARCH_PATHS = "$(inherited) @executable_path/Frameworks";
				PRODUCT_BUNDLE_IDENTIFIER = com.chrischute.Wheels;
				PRODUCT_NAME = "$(TARGET_NAME)";
				SWIFT_VERSION = 3.0;
			};
			name = Debug;
		};
		20A763A71DC69777000A776E /* Release */ = {
			isa = XCBuildConfiguration;
			buildSettings = {
				ASSETCATALOG_COMPILER_APPICON_NAME = AppIcon;
				DEVELOPMENT_TEAM = LFVYJRDCNE;
				INFOPLIST_FILE = Wheels/Info.plist;
				LD_RUNPATH_SEARCH_PATHS = "$(inherited) @executable_path/Frameworks";
				PRODUCT_BUNDLE_IDENTIFIER = com.chrischute.Wheels;
				PRODUCT_NAME = "$(TARGET_NAME)";
				SWIFT_VERSION = 3.0;
			};
			name = Release;
		};
/* End XCBuildConfiguration section */

/* Begin XCConfigurationList section */
		20A7638B1DC69777000A776E /* Build configuration list for PBXProject "Wheels" */ = {
			isa = XCConfigurationList;
			buildConfigurations = (
				20A763A31DC69777000A776E /* Debug */,
				20A763A41DC69777000A776E /* Release */,
			);
			defaultConfigurationIsVisible = 0;
			defaultConfigurationName = Release;
		};
		20A763A51DC69777000A776E /* Build configuration list for PBXNativeTarget "Wheels" */ = {
			isa = XCConfigurationList;
			buildConfigurations = (
				20A763A61DC69777000A776E /* Debug */,
				20A763A71DC69777000A776E /* Release */,
			);
			defaultConfigurationIsVisible = 0;
			defaultConfigurationName = Release;
		};
/* End XCConfigurationList section */

/* Begin XCVersionGroup section */
		20A7639A1DC69777000A776E /* Wheels.xcdatamodeld */ = {
			isa = XCVersionGroup;
			children = (
				20A7639B1DC69777000A776E /* Wheels.xcdatamodel */,
			);
			currentVersion = 20A7639B1DC69777000A776E /* Wheels.xcdatamodel */;
			path = Wheels.xcdatamodeld;
			sourceTree = "<group>";
			versionGroupType = wrapper.xcdatamodel;
		};
/* End XCVersionGroup section */
	};
	rootObject = 20A763881DC69777000A776E /* Project object */;
}
