// !$*UTF8*$!
{
	archiveVersion = 1;
	classes = {
	};
	objectVersion = 46;
	objects = {

/* Begin PBXBuildFile section */
		2006FF8C1DC8CEEB0094C668 /* UIViewControllerWithRider.swift in Sources */ = {isa = PBXBuildFile; fileRef = 2006FF8B1DC8CEEB0094C668 /* UIViewControllerWithRider.swift */; };
		2006FF911DC8D3640094C668 /* Ride+rideInDatabase.swift in Sources */ = {isa = PBXBuildFile; fileRef = 2006FF901DC8D3640094C668 /* Ride+rideInDatabase.swift */; };
		2006FF951DC8D90C0094C668 /* Ride+CoreDataProperties.swift in Sources */ = {isa = PBXBuildFile; fileRef = 2006FF941DC8D90C0094C668 /* Ride+CoreDataProperties.swift */; };
		2006FF991DC916BD0094C668 /* NewScheduledRideReceiving.swift in Sources */ = {isa = PBXBuildFile; fileRef = 2006FF981DC916BD0094C668 /* NewScheduledRideReceiving.swift */; };
		2006FF9B1DC922040094C668 /* NewScheduledRideRootViewController.swift in Sources */ = {isa = PBXBuildFile; fileRef = 2006FF9A1DC922040094C668 /* NewScheduledRideRootViewController.swift */; };
		2006FF9D1DC9335F0094C668 /* UIViewController+dismissKeyboard.swift in Sources */ = {isa = PBXBuildFile; fileRef = 2006FF9C1DC9335F0094C668 /* UIViewController+dismissKeyboard.swift */; };
		20113C0C1DD3E83B0050EA75 /* ShuttleInfoTableViewController.swift in Sources */ = {isa = PBXBuildFile; fileRef = 20113C0B1DD3E83B0050EA75 /* ShuttleInfoTableViewController.swift */; };
		2049AAD11DC7902E00B2713A /* StoryboardConstants.swift in Sources */ = {isa = PBXBuildFile; fileRef = 2049AAD01DC7902E00B2713A /* StoryboardConstants.swift */; };
		2049AAD81DC79A3400B2713A /* Rider+CoreDataClass.swift in Sources */ = {isa = PBXBuildFile; fileRef = 2049AAD61DC79A3400B2713A /* Rider+CoreDataClass.swift */; };
		2049AADD1DC79A8300B2713A /* Rider+CoreDataProperties.swift in Sources */ = {isa = PBXBuildFile; fileRef = 2049AADC1DC79A8300B2713A /* Rider+CoreDataProperties.swift */; };
		2049AADF1DC79C4B00B2713A /* Debug.swift in Sources */ = {isa = PBXBuildFile; fileRef = 2049AADE1DC79C4B00B2713A /* Debug.swift */; };
		2049AAE61DC7B69300B2713A /* Ride+CoreDataClass.swift in Sources */ = {isa = PBXBuildFile; fileRef = 2049AAE31DC7B69300B2713A /* Ride+CoreDataClass.swift */; };
		2049AAEA1DC7B76500B2713A /* Rider+riderInDatabase.swift in Sources */ = {isa = PBXBuildFile; fileRef = 2049AAE91DC7B76500B2713A /* Rider+riderInDatabase.swift */; };
		2049AAF11DC7CF3B00B2713A /* NewScheduledRideTableViewController.swift in Sources */ = {isa = PBXBuildFile; fileRef = 2049AAF01DC7CF3B00B2713A /* NewScheduledRideTableViewController.swift */; };
		2071FAF61DCABACA0002810A /* RideCancellationReceiving.swift in Sources */ = {isa = PBXBuildFile; fileRef = 2071FAF51DCABACA0002810A /* RideCancellationReceiving.swift */; };
		2073172B1DC7E073000BA8E0 /* MainPageViewController.swift in Sources */ = {isa = PBXBuildFile; fileRef = 2073172A1DC7E073000BA8E0 /* MainPageViewController.swift */; };
		207AD2D21DCA533900EF6465 /* EditScheduledRideViewController.swift in Sources */ = {isa = PBXBuildFile; fileRef = 207AD2D11DCA533900EF6465 /* EditScheduledRideViewController.swift */; };
		207AD2D51DCA55D800EF6465 /* EditScheduledRideTableViewController.swift in Sources */ = {isa = PBXBuildFile; fileRef = 207AD2D41DCA55D800EF6465 /* EditScheduledRideTableViewController.swift */; };
		208F1A4D1DC95BD400D7795B /* ScheduledRideTableViewCell.swift in Sources */ = {isa = PBXBuildFile; fileRef = 208F1A4C1DC95BD400D7795B /* ScheduledRideTableViewCell.swift */; };
		209320FC1DD3873B009C1FFA /* OnDemandViewController.swift in Sources */ = {isa = PBXBuildFile; fileRef = 209320FB1DD3873B009C1FFA /* OnDemandViewController.swift */; };
		20A763941DC69777000A776E /* AppDelegate.swift in Sources */ = {isa = PBXBuildFile; fileRef = 20A763931DC69777000A776E /* AppDelegate.swift */; };
		20A763991DC69777000A776E /* Main.storyboard in Resources */ = {isa = PBXBuildFile; fileRef = 20A763971DC69777000A776E /* Main.storyboard */; };
		20A7639C1DC69777000A776E /* Wheels.xcdatamodeld in Sources */ = {isa = PBXBuildFile; fileRef = 20A7639A1DC69777000A776E /* Wheels.xcdatamodeld */; };
		20A7639E1DC69777000A776E /* Assets.xcassets in Resources */ = {isa = PBXBuildFile; fileRef = 20A7639D1DC69777000A776E /* Assets.xcassets */; };
		20A763A11DC69777000A776E /* LaunchScreen.storyboard in Resources */ = {isa = PBXBuildFile; fileRef = 20A7639F1DC69777000A776E /* LaunchScreen.storyboard */; };
		20A763A91DC6C917000A776E /* LoginViewController.swift in Sources */ = {isa = PBXBuildFile; fileRef = 20A763A81DC6C917000A776E /* LoginViewController.swift */; };
		20A763B21DC6DFDB000A776E /* ShuttleInfoViewController.swift in Sources */ = {isa = PBXBuildFile; fileRef = 20A763B11DC6DFDB000A776E /* ShuttleInfoViewController.swift */; };
		20A763B61DC6E015000A776E /* PlanAheadViewController.swift in Sources */ = {isa = PBXBuildFile; fileRef = 20A763B51DC6E015000A776E /* PlanAheadViewController.swift */; };
/* End PBXBuildFile section */

/* Begin PBXFileReference section */
		2006FF8B1DC8CEEB0094C668 /* UIViewControllerWithRider.swift */ = {isa = PBXFileReference; fileEncoding = 4; lastKnownFileType = sourcecode.swift; name = UIViewControllerWithRider.swift; path = Wheels/UIViewControllerWithRider.swift; sourceTree = "<group>"; };
		2006FF901DC8D3640094C668 /* Ride+rideInDatabase.swift */ = {isa = PBXFileReference; fileEncoding = 4; lastKnownFileType = sourcecode.swift; path = "Ride+rideInDatabase.swift"; sourceTree = "<group>"; };
		2006FF941DC8D90C0094C668 /* Ride+CoreDataProperties.swift */ = {isa = PBXFileReference; fileEncoding = 4; lastKnownFileType = sourcecode.swift; path = "Ride+CoreDataProperties.swift"; sourceTree = "<group>"; };
		2006FF981DC916BD0094C668 /* NewScheduledRideReceiving.swift */ = {isa = PBXFileReference; fileEncoding = 4; lastKnownFileType = sourcecode.swift; name = NewScheduledRideReceiving.swift; path = Wheels/NewScheduledRideReceiving.swift; sourceTree = "<group>"; };
		2006FF9A1DC922040094C668 /* NewScheduledRideRootViewController.swift */ = {isa = PBXFileReference; fileEncoding = 4; lastKnownFileType = sourcecode.swift; name = NewScheduledRideRootViewController.swift; path = Wheels/NewScheduledRideRootViewController.swift; sourceTree = "<group>"; };
		2006FF9C1DC9335F0094C668 /* UIViewController+dismissKeyboard.swift */ = {isa = PBXFileReference; fileEncoding = 4; lastKnownFileType = sourcecode.swift; path = "UIViewController+dismissKeyboard.swift"; sourceTree = "<group>"; };
		20113C0B1DD3E83B0050EA75 /* ShuttleInfoTableViewController.swift */ = {isa = PBXFileReference; fileEncoding = 4; lastKnownFileType = sourcecode.swift; name = ShuttleInfoTableViewController.swift; path = Wheels/ShuttleInfoTableViewController.swift; sourceTree = "<group>"; };
		2049AAD01DC7902E00B2713A /* StoryboardConstants.swift */ = {isa = PBXFileReference; fileEncoding = 4; lastKnownFileType = sourcecode.swift; path = StoryboardConstants.swift; sourceTree = "<group>"; };
		2049AAD61DC79A3400B2713A /* Rider+CoreDataClass.swift */ = {isa = PBXFileReference; fileEncoding = 4; lastKnownFileType = sourcecode.swift; path = "Rider+CoreDataClass.swift"; sourceTree = "<group>"; };
		2049AADC1DC79A8300B2713A /* Rider+CoreDataProperties.swift */ = {isa = PBXFileReference; fileEncoding = 4; lastKnownFileType = sourcecode.swift; path = "Rider+CoreDataProperties.swift"; sourceTree = "<group>"; };
		2049AADE1DC79C4B00B2713A /* Debug.swift */ = {isa = PBXFileReference; fileEncoding = 4; lastKnownFileType = sourcecode.swift; path = Debug.swift; sourceTree = "<group>"; };
		2049AAE31DC7B69300B2713A /* Ride+CoreDataClass.swift */ = {isa = PBXFileReference; fileEncoding = 4; lastKnownFileType = sourcecode.swift; path = "Ride+CoreDataClass.swift"; sourceTree = "<group>"; };
		2049AAE91DC7B76500B2713A /* Rider+riderInDatabase.swift */ = {isa = PBXFileReference; fileEncoding = 4; lastKnownFileType = sourcecode.swift; path = "Rider+riderInDatabase.swift"; sourceTree = "<group>"; };
		2049AAF01DC7CF3B00B2713A /* NewScheduledRideTableViewController.swift */ = {isa = PBXFileReference; fileEncoding = 4; lastKnownFileType = sourcecode.swift; name = NewScheduledRideTableViewController.swift; path = Wheels/NewScheduledRideTableViewController.swift; sourceTree = "<group>"; };
		2071FAF51DCABACA0002810A /* RideCancellationReceiving.swift */ = {isa = PBXFileReference; fileEncoding = 4; lastKnownFileType = sourcecode.swift; name = RideCancellationReceiving.swift; path = Wheels/RideCancellationReceiving.swift; sourceTree = "<group>"; };
		2073172A1DC7E073000BA8E0 /* MainPageViewController.swift */ = {isa = PBXFileReference; fileEncoding = 4; lastKnownFileType = sourcecode.swift; name = MainPageViewController.swift; path = Wheels/MainPageViewController.swift; sourceTree = "<group>"; };
		207AD2D11DCA533900EF6465 /* EditScheduledRideViewController.swift */ = {isa = PBXFileReference; fileEncoding = 4; lastKnownFileType = sourcecode.swift; name = EditScheduledRideViewController.swift; path = Wheels/EditScheduledRideViewController.swift; sourceTree = "<group>"; };
		207AD2D41DCA55D800EF6465 /* EditScheduledRideTableViewController.swift */ = {isa = PBXFileReference; fileEncoding = 4; lastKnownFileType = sourcecode.swift; name = EditScheduledRideTableViewController.swift; path = Wheels/EditScheduledRideTableViewController.swift; sourceTree = "<group>"; };
		208F1A4C1DC95BD400D7795B /* ScheduledRideTableViewCell.swift */ = {isa = PBXFileReference; fileEncoding = 4; lastKnownFileType = sourcecode.swift; name = ScheduledRideTableViewCell.swift; path = Wheels/ScheduledRideTableViewCell.swift; sourceTree = "<group>"; };
		209320FB1DD3873B009C1FFA /* OnDemandViewController.swift */ = {isa = PBXFileReference; fileEncoding = 4; lastKnownFileType = sourcecode.swift; name = OnDemandViewController.swift; path = Wheels/OnDemandViewController.swift; sourceTree = "<group>"; };
		20A763901DC69777000A776E /* Wheels.app */ = {isa = PBXFileReference; explicitFileType = wrapper.application; includeInIndex = 0; path = Wheels.app; sourceTree = BUILT_PRODUCTS_DIR; };
		20A763931DC69777000A776E /* AppDelegate.swift */ = {isa = PBXFileReference; lastKnownFileType = sourcecode.swift; path = AppDelegate.swift; sourceTree = "<group>"; };
		20A763981DC69777000A776E /* Base */ = {isa = PBXFileReference; lastKnownFileType = file.storyboard; name = Base; path = Base.lproj/Main.storyboard; sourceTree = "<group>"; };
		20A7639B1DC69777000A776E /* Wheels.xcdatamodel */ = {isa = PBXFileReference; lastKnownFileType = wrapper.xcdatamodel; path = Wheels.xcdatamodel; sourceTree = "<group>"; };
		20A7639D1DC69777000A776E /* Assets.xcassets */ = {isa = PBXFileReference; lastKnownFileType = folder.assetcatalog; path = Assets.xcassets; sourceTree = "<group>"; };
		20A763A01DC69777000A776E /* Base */ = {isa = PBXFileReference; lastKnownFileType = file.storyboard; name = Base; path = Base.lproj/LaunchScreen.storyboard; sourceTree = "<group>"; };
		20A763A21DC69777000A776E /* Info.plist */ = {isa = PBXFileReference; lastKnownFileType = text.plist.xml; path = Info.plist; sourceTree = "<group>"; };
		20A763A81DC6C917000A776E /* LoginViewController.swift */ = {isa = PBXFileReference; fileEncoding = 4; lastKnownFileType = sourcecode.swift; name = LoginViewController.swift; path = Login/LoginViewController.swift; sourceTree = "<group>"; };
		20A763B11DC6DFDB000A776E /* ShuttleInfoViewController.swift */ = {isa = PBXFileReference; fileEncoding = 4; lastKnownFileType = sourcecode.swift; name = ShuttleInfoViewController.swift; path = Wheels/ShuttleInfoViewController.swift; sourceTree = "<group>"; };
		20A763B51DC6E015000A776E /* PlanAheadViewController.swift */ = {isa = PBXFileReference; fileEncoding = 4; lastKnownFileType = sourcecode.swift; name = PlanAheadViewController.swift; path = Wheels/PlanAheadViewController.swift; sourceTree = "<group>"; };
/* End PBXFileReference section */

/* Begin PBXFrameworksBuildPhase section */
		20A7638D1DC69777000A776E /* Frameworks */ = {
			isa = PBXFrameworksBuildPhase;
			buildActionMask = 2147483647;
			files = (
			);
			runOnlyForDeploymentPostprocessing = 0;
		};
/* End PBXFrameworksBuildPhase section */

/* Begin PBXGroup section */
		2006FF8D1DC8D23C0094C668 /* Plan Ahead */ = {
			isa = PBXGroup;
			children = (
				207AD2D01DCA52FD00EF6465 /* Add Scheduled Ride */,
				207AD2D31DCA534300EF6465 /* Edit Scheduled Ride */,
				20A763B51DC6E015000A776E /* PlanAheadViewController.swift */,
				208F1A4C1DC95BD400D7795B /* ScheduledRideTableViewCell.swift */,
			);
			name = "Plan Ahead";
			sourceTree = "<group>";
		};
		2006FF8E1DC8D2470094C668 /* On Demand */ = {
			isa = PBXGroup;
			children = (
				209320FB1DD3873B009C1FFA /* OnDemandViewController.swift */,
			);
			name = "On Demand";
			sourceTree = "<group>";
		};
		2006FF8F1DC8D24F0094C668 /* Shuttle Info */ = {
			isa = PBXGroup;
			children = (
				20A763B11DC6DFDB000A776E /* ShuttleInfoViewController.swift */,
				20113C0B1DD3E83B0050EA75 /* ShuttleInfoTableViewController.swift */,
			);
			name = "Shuttle Info";
			sourceTree = "<group>";
		};
		2006FF921DC8D3980094C668 /* Ride */ = {
			isa = PBXGroup;
			children = (
				2049AAE31DC7B69300B2713A /* Ride+CoreDataClass.swift */,
				2006FF941DC8D90C0094C668 /* Ride+CoreDataProperties.swift */,
				2006FF901DC8D3640094C668 /* Ride+rideInDatabase.swift */,
			);
			name = Ride;
			sourceTree = "<group>";
		};
		2006FF931DC8D39E0094C668 /* Rider */ = {
			isa = PBXGroup;
			children = (
				2049AAD61DC79A3400B2713A /* Rider+CoreDataClass.swift */,
				2049AADC1DC79A8300B2713A /* Rider+CoreDataProperties.swift */,
				2049AAE91DC7B76500B2713A /* Rider+riderInDatabase.swift */,
			);
			name = Rider;
			sourceTree = "<group>";
		};
		2049AACF1DC78CD700B2713A /* Core Data */ = {
			isa = PBXGroup;
			children = (
				2006FF921DC8D3980094C668 /* Ride */,
				2006FF931DC8D39E0094C668 /* Rider */,
				20A7639A1DC69777000A776E /* Wheels.xcdatamodeld */,
			);
			name = "Core Data";
			sourceTree = "<group>";
		};
		2049AAE01DC79C5500B2713A /* Debug */ = {
			isa = PBXGroup;
			children = (
				2049AADE1DC79C4B00B2713A /* Debug.swift */,
			);
			name = Debug;
			sourceTree = "<group>";
		};
		2049AAEB1DC7B80000B2713A /* Storyboard */ = {
			isa = PBXGroup;
			children = (
				20A763971DC69777000A776E /* Main.storyboard */,
				2049AAD01DC7902E00B2713A /* StoryboardConstants.swift */,
			);
			name = Storyboard;
			sourceTree = "<group>";
		};
		207AD2D01DCA52FD00EF6465 /* Add Scheduled Ride */ = {
			isa = PBXGroup;
			children = (
				2006FF9A1DC922040094C668 /* NewScheduledRideRootViewController.swift */,
				2049AAF01DC7CF3B00B2713A /* NewScheduledRideTableViewController.swift */,
				2006FF981DC916BD0094C668 /* NewScheduledRideReceiving.swift */,
			);
			name = "Add Scheduled Ride";
			sourceTree = "<group>";
		};
		207AD2D31DCA534300EF6465 /* Edit Scheduled Ride */ = {
			isa = PBXGroup;
			children = (
				207AD2D11DCA533900EF6465 /* EditScheduledRideViewController.swift */,
				207AD2D41DCA55D800EF6465 /* EditScheduledRideTableViewController.swift */,
				2071FAF51DCABACA0002810A /* RideCancellationReceiving.swift */,
			);
			name = "Edit Scheduled Ride";
			sourceTree = "<group>";
		};
		20A763871DC69777000A776E = {
			isa = PBXGroup;
			children = (
				20A763921DC69777000A776E /* Wheels */,
				20A763911DC69777000A776E /* Products */,
			);
			sourceTree = "<group>";
		};
		20A763911DC69777000A776E /* Products */ = {
			isa = PBXGroup;
			children = (
				20A763901DC69777000A776E /* Wheels.app */,
			);
			name = Products;
			sourceTree = "<group>";
		};
		20A763921DC69777000A776E /* Wheels */ = {
			isa = PBXGroup;
			children = (
				2049AACF1DC78CD700B2713A /* Core Data */,
				20A763AA1DC6C924000A776E /* Login */,
				20A763AE1DC6CE50000A776E /* Main Page */,
				2049AAEB1DC7B80000B2713A /* Storyboard */,
				20A763AB1DC6C92E000A776E /* Supporting */,
				2049AAE01DC79C5500B2713A /* Debug */,
			);
			path = Wheels;
			sourceTree = "<group>";
		};
		20A763AA1DC6C924000A776E /* Login */ = {
			isa = PBXGroup;
			children = (
				20A763A81DC6C917000A776E /* LoginViewController.swift */,
			);
			name = Login;
			sourceTree = "<group>";
		};
		20A763AB1DC6C92E000A776E /* Supporting */ = {
			isa = PBXGroup;
			children = (
				20A763931DC69777000A776E /* AppDelegate.swift */,
				20A7639D1DC69777000A776E /* Assets.xcassets */,
				20A7639F1DC69777000A776E /* LaunchScreen.storyboard */,
				20A763A21DC69777000A776E /* Info.plist */,
				2006FF9C1DC9335F0094C668 /* UIViewController+dismissKeyboard.swift */,
			);
			name = Supporting;
			sourceTree = "<group>";
		};
		20A763AE1DC6CE50000A776E /* Main Page */ = {
			isa = PBXGroup;
			children = (
				2006FF8F1DC8D24F0094C668 /* Shuttle Info */,
				2006FF8E1DC8D2470094C668 /* On Demand */,
				2006FF8D1DC8D23C0094C668 /* Plan Ahead */,
				2073172A1DC7E073000BA8E0 /* MainPageViewController.swift */,
				2006FF8B1DC8CEEB0094C668 /* UIViewControllerWithRider.swift */,
			);
			name = "Main Page";
			path = ..;
			sourceTree = "<group>";
		};
/* End PBXGroup section */

/* Begin PBXNativeTarget section */
		20A7638F1DC69777000A776E /* Wheels */ = {
			isa = PBXNativeTarget;
			buildConfigurationList = 20A763A51DC69777000A776E /* Build configuration list for PBXNativeTarget "Wheels" */;
			buildPhases = (
				20A7638C1DC69777000A776E /* Sources */,
				20A7638D1DC69777000A776E /* Frameworks */,
				20A7638E1DC69777000A776E /* Resources */,
			);
			buildRules = (
			);
			dependencies = (
			);
			name = Wheels;
			productName = Wheels;
			productReference = 20A763901DC69777000A776E /* Wheels.app */;
			productType = "com.apple.product-type.application";
		};
/* End PBXNativeTarget section */

/* Begin PBXProject section */
		20A763881DC69777000A776E /* Project object */ = {
			isa = PBXProject;
			attributes = {
				LastSwiftUpdateCheck = 0810;
				LastUpgradeCheck = 0810;
				ORGANIZATIONNAME = "Christopher Chute";
				TargetAttributes = {
					20A7638F1DC69777000A776E = {
						CreatedOnToolsVersion = 8.1;
						DevelopmentTeam = LFVYJRDCNE;
						ProvisioningStyle = Automatic;
					};
				};
			};
			buildConfigurationList = 20A7638B1DC69777000A776E /* Build configuration list for PBXProject "Wheels" */;
			compatibilityVersion = "Xcode 3.2";
			developmentRegion = English;
			hasScannedForEncodings = 0;
			knownRegions = (
				en,
				Base,
			);
			mainGroup = 20A763871DC69777000A776E;
			productRefGroup = 20A763911DC69777000A776E /* Products */;
			projectDirPath = "";
			projectRoot = "";
			targets = (
				20A7638F1DC69777000A776E /* Wheels */,
			);
		};
/* End PBXProject section */

/* Begin PBXResourcesBuildPhase section */
		20A7638E1DC69777000A776E /* Resources */ = {
			isa = PBXResourcesBuildPhase;
			buildActionMask = 2147483647;
			files = (
				20A763A11DC69777000A776E /* LaunchScreen.storyboard in Resources */,
				20A7639E1DC69777000A776E /* Assets.xcassets in Resources */,
				20A763991DC69777000A776E /* Main.storyboard in Resources */,
			);
			runOnlyForDeploymentPostprocessing = 0;
		};
/* End PBXResourcesBuildPhase section */

/* Begin PBXSourcesBuildPhase section */
		20A7638C1DC69777000A776E /* Sources */ = {
			isa = PBXSourcesBuildPhase;
			buildActionMask = 2147483647;
			files = (
				20A763B21DC6DFDB000A776E /* ShuttleInfoViewController.swift in Sources */,
				2049AADF1DC79C4B00B2713A /* Debug.swift in Sources */,
				2006FF9B1DC922040094C668 /* NewScheduledRideRootViewController.swift in Sources */,
				207AD2D21DCA533900EF6465 /* EditScheduledRideViewController.swift in Sources */,
				2049AAE61DC7B69300B2713A /* Ride+CoreDataClass.swift in Sources */,
				2049AAF11DC7CF3B00B2713A /* NewScheduledRideTableViewController.swift in Sources */,
				2006FF951DC8D90C0094C668 /* Ride+CoreDataProperties.swift in Sources */,
				2049AAD11DC7902E00B2713A /* StoryboardConstants.swift in Sources */,
				2006FF911DC8D3640094C668 /* Ride+rideInDatabase.swift in Sources */,
				20A763A91DC6C917000A776E /* LoginViewController.swift in Sources */,
				2073172B1DC7E073000BA8E0 /* MainPageViewController.swift in Sources */,
				2049AAD81DC79A3400B2713A /* Rider+CoreDataClass.swift in Sources */,
				209320FC1DD3873B009C1FFA /* OnDemandViewController.swift in Sources */,
				2006FF8C1DC8CEEB0094C668 /* UIViewControllerWithRider.swift in Sources */,
				207AD2D51DCA55D800EF6465 /* EditScheduledRideTableViewController.swift in Sources */,
				20113C0C1DD3E83B0050EA75 /* ShuttleInfoTableViewController.swift in Sources */,
				2006FF991DC916BD0094C668 /* NewScheduledRideReceiving.swift in Sources */,
				2049AAEA1DC7B76500B2713A /* Rider+riderInDatabase.swift in Sources */,
				20A763941DC69777000A776E /* AppDelegate.swift in Sources */,
				20A7639C1DC69777000A776E /* Wheels.xcdatamodeld in Sources */,
				2049AADD1DC79A8300B2713A /* Rider+CoreDataProperties.swift in Sources */,
				208F1A4D1DC95BD400D7795B /* ScheduledRideTableViewCell.swift in Sources */,
				2006FF9D1DC9335F0094C668 /* UIViewController+dismissKeyboard.swift in Sources */,
				20A763B61DC6E015000A776E /* PlanAheadViewController.swift in Sources */,
				2071FAF61DCABACA0002810A /* RideCancellationReceiving.swift in Sources */,
			);
			runOnlyForDeploymentPostprocessing = 0;
		};
/* End PBXSourcesBuildPhase section */

/* Begin PBXVariantGroup section */
		20A763971DC69777000A776E /* Main.storyboard */ = {
			isa = PBXVariantGroup;
			children = (
				20A763981DC69777000A776E /* Base */,
			);
			name = Main.storyboard;
			sourceTree = "<group>";
		};
		20A7639F1DC69777000A776E /* LaunchScreen.storyboard */ = {
			isa = PBXVariantGroup;
			children = (
				20A763A01DC69777000A776E /* Base */,
			);
			name = LaunchScreen.storyboard;
			sourceTree = "<group>";
		};
/* End PBXVariantGroup section */

/* Begin XCBuildConfiguration section */
		20A763A31DC69777000A776E /* Debug */ = {
			isa = XCBuildConfiguration;
			buildSettings = {
				ALWAYS_SEARCH_USER_PATHS = NO;
				CLANG_ANALYZER_NONNULL = YES;
				CLANG_CXX_LANGUAGE_STANDARD = "gnu++0x";
				CLANG_CXX_LIBRARY = "libc++";
				CLANG_ENABLE_MODULES = YES;
				CLANG_ENABLE_OBJC_ARC = YES;
				CLANG_WARN_BOOL_CONVERSION = YES;
				CLANG_WARN_CONSTANT_CONVERSION = YES;
				CLANG_WARN_DIRECT_OBJC_ISA_USAGE = YES_ERROR;
				CLANG_WARN_DOCUMENTATION_COMMENTS = YES;
				CLANG_WARN_EMPTY_BODY = YES;
				CLANG_WARN_ENUM_CONVERSION = YES;
				CLANG_WARN_INFINITE_RECURSION = YES;
				CLANG_WARN_INT_CONVERSION = YES;
				CLANG_WARN_OBJC_ROOT_CLASS = YES_ERROR;
				CLANG_WARN_SUSPICIOUS_MOVES = YES;
				CLANG_WARN_UNREACHABLE_CODE = YES;
				CLANG_WARN__DUPLICATE_METHOD_MATCH = YES;
				"CODE_SIGN_IDENTITY[sdk=iphoneos*]" = "iPhone Developer";
				COPY_PHASE_STRIP = NO;
				DEBUG_INFORMATION_FORMAT = dwarf;
				ENABLE_STRICT_OBJC_MSGSEND = YES;
				ENABLE_TESTABILITY = YES;
				GCC_C_LANGUAGE_STANDARD = gnu99;
				GCC_DYNAMIC_NO_PIC = NO;
				GCC_NO_COMMON_BLOCKS = YES;
				GCC_OPTIMIZATION_LEVEL = 0;
				GCC_PREPROCESSOR_DEFINITIONS = (
					"DEBUG=1",
					"$(inherited)",
				);
				GCC_WARN_64_TO_32_BIT_CONVERSION = YES;
				GCC_WARN_ABOUT_RETURN_TYPE = YES_ERROR;
				GCC_WARN_UNDECLARED_SELECTOR = YES;
				GCC_WARN_UNINITIALIZED_AUTOS = YES_AGGRESSIVE;
				GCC_WARN_UNUSED_FUNCTION = YES;
				GCC_WARN_UNUSED_VARIABLE = YES;
				IPHONEOS_DEPLOYMENT_TARGET = 10.1;
				MTL_ENABLE_DEBUG_INFO = YES;
				ONLY_ACTIVE_ARCH = YES;
				SDKROOT = iphoneos;
				SWIFT_ACTIVE_COMPILATION_CONDITIONS = DEBUG;
				SWIFT_OPTIMIZATION_LEVEL = "-Onone";
			};
			name = Debug;
		};
		20A763A41DC69777000A776E /* Release */ = {
			isa = XCBuildConfiguration;
			buildSettings = {
				ALWAYS_SEARCH_USER_PATHS = NO;
				CLANG_ANALYZER_NONNULL = YES;
				CLANG_CXX_LANGUAGE_STANDARD = "gnu++0x";
				CLANG_CXX_LIBRARY = "libc++";
				CLANG_ENABLE_MODULES = YES;
				CLANG_ENABLE_OBJC_ARC = YES;
				CLANG_WARN_BOOL_CONVERSION = YES;
				CLANG_WARN_CONSTANT_CONVERSION = YES;
				CLANG_WARN_DIRECT_OBJC_ISA_USAGE = YES_ERROR;
				CLANG_WARN_DOCUMENTATION_COMMENTS = YES;
				CLANG_WARN_EMPTY_BODY = YES;
				CLANG_WARN_ENUM_CONVERSION = YES;
				CLANG_WARN_INFINITE_RECURSION = YES;
				CLANG_WARN_INT_CONVERSION = YES;
				CLANG_WARN_OBJC_ROOT_CLASS = YES_ERROR;
				CLANG_WARN_SUSPICIOUS_MOVES = YES;
				CLANG_WARN_UNREACHABLE_CODE = YES;
				CLANG_WARN__DUPLICATE_METHOD_MATCH = YES;
				"CODE_SIGN_IDENTITY[sdk=iphoneos*]" = "iPhone Developer";
				COPY_PHASE_STRIP = NO;
				DEBUG_INFORMATION_FORMAT = "dwarf-with-dsym";
				ENABLE_NS_ASSERTIONS = NO;
				ENABLE_STRICT_OBJC_MSGSEND = YES;
				GCC_C_LANGUAGE_STANDARD = gnu99;
				GCC_NO_COMMON_BLOCKS = YES;
				GCC_WARN_64_TO_32_BIT_CONVERSION = YES;
				GCC_WARN_ABOUT_RETURN_TYPE = YES_ERROR;
				GCC_WARN_UNDECLARED_SELECTOR = YES;
				GCC_WARN_UNINITIALIZED_AUTOS = YES_AGGRESSIVE;
				GCC_WARN_UNUSED_FUNCTION = YES;
				GCC_WARN_UNUSED_VARIABLE = YES;
				IPHONEOS_DEPLOYMENT_TARGET = 10.1;
				MTL_ENABLE_DEBUG_INFO = NO;
				SDKROOT = iphoneos;
				SWIFT_OPTIMIZATION_LEVEL = "-Owholemodule";
				VALIDATE_PRODUCT = YES;
			};
			name = Release;
		};
		20A763A61DC69777000A776E /* Debug */ = {
			isa = XCBuildConfiguration;
			buildSettings = {
				ASSETCATALOG_COMPILER_APPICON_NAME = AppIcon;
				DEVELOPMENT_TEAM = LFVYJRDCNE;
				INFOPLIST_FILE = Wheels/Info.plist;
				LD_RUNPATH_SEARCH_PATHS = "$(inherited) @executable_path/Frameworks";
				PRODUCT_BUNDLE_IDENTIFIER = com.chrischute.wheels;
				PRODUCT_NAME = "$(TARGET_NAME)";
				SWIFT_TREAT_WARNINGS_AS_ERRORS = YES;
				SWIFT_VERSION = 3.0;
			};
			name = Debug;
		};
		20A763A71DC69777000A776E /* Release */ = {
			isa = XCBuildConfiguration;
			buildSettings = {
				ASSETCATALOG_COMPILER_APPICON_NAME = AppIcon;
				DEVELOPMENT_TEAM = LFVYJRDCNE;
				INFOPLIST_FILE = Wheels/Info.plist;
				LD_RUNPATH_SEARCH_PATHS = "$(inherited) @executable_path/Frameworks";
				PRODUCT_BUNDLE_IDENTIFIER = com.chrischute.wheels;
				PRODUCT_NAME = "$(TARGET_NAME)";
				SWIFT_TREAT_WARNINGS_AS_ERRORS = YES;
				SWIFT_VERSION = 3.0;
			};
			name = Release;
		};
/* End XCBuildConfiguration section */

/* Begin XCConfigurationList section */
		20A7638B1DC69777000A776E /* Build configuration list for PBXProject "Wheels" */ = {
			isa = XCConfigurationList;
			buildConfigurations = (
				20A763A31DC69777000A776E /* Debug */,
				20A763A41DC69777000A776E /* Release */,
			);
			defaultConfigurationIsVisible = 0;
			defaultConfigurationName = Release;
		};
		20A763A51DC69777000A776E /* Build configuration list for PBXNativeTarget "Wheels" */ = {
			isa = XCConfigurationList;
			buildConfigurations = (
				20A763A61DC69777000A776E /* Debug */,
				20A763A71DC69777000A776E /* Release */,
			);
			defaultConfigurationIsVisible = 0;
			defaultConfigurationName = Release;
		};
/* End XCConfigurationList section */

/* Begin XCVersionGroup section */
		20A7639A1DC69777000A776E /* Wheels.xcdatamodeld */ = {
			isa = XCVersionGroup;
			children = (
				20A7639B1DC69777000A776E /* Wheels.xcdatamodel */,
			);
			currentVersion = 20A7639B1DC69777000A776E /* Wheels.xcdatamodel */;
			path = Wheels.xcdatamodeld;
			sourceTree = "<group>";
			versionGroupType = wrapper.xcdatamodel;
		};
/* End XCVersionGroup section */
	};
	rootObject = 20A763881DC69777000A776E /* Project object */;
}
